// !$*UTF8*$!
{
	archiveVersion = 1;
	classes = {
	};
	objectVersion = 48;
	objects = {

/* Begin PBXBuildFile section */
		043661761FB2315300B3A6BE /* AppDelegate.swift in Sources */ = {isa = PBXBuildFile; fileRef = 043661751FB2315300B3A6BE /* AppDelegate.swift */; };
		043661781FB2315300B3A6BE /* ViewController.swift in Sources */ = {isa = PBXBuildFile; fileRef = 043661771FB2315300B3A6BE /* ViewController.swift */; };
		0436617B1FB2315300B3A6BE /* Main.storyboard in Resources */ = {isa = PBXBuildFile; fileRef = 043661791FB2315300B3A6BE /* Main.storyboard */; };
		0436617E1FB2315300B3A6BE /* WeatherAppMCS.xcdatamodeld in Sources */ = {isa = PBXBuildFile; fileRef = 0436617C1FB2315300B3A6BE /* WeatherAppMCS.xcdatamodeld */; };
		043661801FB2315300B3A6BE /* Assets.xcassets in Resources */ = {isa = PBXBuildFile; fileRef = 0436617F1FB2315300B3A6BE /* Assets.xcassets */; };
		043661831FB2315300B3A6BE /* LaunchScreen.storyboard in Resources */ = {isa = PBXBuildFile; fileRef = 043661811FB2315300B3A6BE /* LaunchScreen.storyboard */; };
		0436618B1FB2C4D800B3A6BE /* DayCell.swift in Sources */ = {isa = PBXBuildFile; fileRef = 0436618A1FB2C4D800B3A6BE /* DayCell.swift */; };
		0436618E1FB2C55D00B3A6BE /* Day.swift in Sources */ = {isa = PBXBuildFile; fileRef = 0436618D1FB2C55D00B3A6BE /* Day.swift */; };
		043661901FB36FDD00B3A6BE /* City.swift in Sources */ = {isa = PBXBuildFile; fileRef = 0436618F1FB36FDD00B3A6BE /* City.swift */; };
		043661921FB37FBF00B3A6BE /* DataSingleton.swift in Sources */ = {isa = PBXBuildFile; fileRef = 043661911FB37FBF00B3A6BE /* DataSingleton.swift */; };
		043661961FB3946500B3A6BE /* SearchCity.storyboard in Resources */ = {isa = PBXBuildFile; fileRef = 043661951FB3946500B3A6BE /* SearchCity.storyboard */; };
		043661981FB394F300B3A6BE /* SearchViewController.swift in Sources */ = {isa = PBXBuildFile; fileRef = 043661971FB394F300B3A6BE /* SearchViewController.swift */; };
		0436619C1FB3A9C900B3A6BE /* WeatherApi.swift in Sources */ = {isa = PBXBuildFile; fileRef = 0436619B1FB3A9C900B3A6BE /* WeatherApi.swift */; };
		0436619E1FB3AEDE00B3A6BE /* Weather.swift in Sources */ = {isa = PBXBuildFile; fileRef = 0436619D1FB3AEDE00B3A6BE /* Weather.swift */; };
		043661A01FB3B91F00B3A6BE /* ViewExtension.swift in Sources */ = {isa = PBXBuildFile; fileRef = 0436619F1FB3B91F00B3A6BE /* ViewExtension.swift */; };
		D386A8CCBDD0FE90B04728E4 /* Pods_WeatherAppMCS.framework in Frameworks */ = {isa = PBXBuildFile; fileRef = 97C0406CE1B1A3F4E3C59A4A /* Pods_WeatherAppMCS.framework */; };
/* End PBXBuildFile section */

/* Begin PBXFileReference section */
		043661721FB2315200B3A6BE /* WeatherAppMCS.app */ = {isa = PBXFileReference; explicitFileType = wrapper.application; includeInIndex = 0; path = WeatherAppMCS.app; sourceTree = BUILT_PRODUCTS_DIR; };
		043661751FB2315300B3A6BE /* AppDelegate.swift */ = {isa = PBXFileReference; lastKnownFileType = sourcecode.swift; path = AppDelegate.swift; sourceTree = "<group>"; };
		043661771FB2315300B3A6BE /* ViewController.swift */ = {isa = PBXFileReference; lastKnownFileType = sourcecode.swift; path = ViewController.swift; sourceTree = "<group>"; };
		0436617A1FB2315300B3A6BE /* Base */ = {isa = PBXFileReference; lastKnownFileType = file.storyboard; name = Base; path = Base.lproj/Main.storyboard; sourceTree = "<group>"; };
		0436617D1FB2315300B3A6BE /* WeatherAppMCS.xcdatamodel */ = {isa = PBXFileReference; lastKnownFileType = wrapper.xcdatamodel; path = WeatherAppMCS.xcdatamodel; sourceTree = "<group>"; };
		0436617F1FB2315300B3A6BE /* Assets.xcassets */ = {isa = PBXFileReference; lastKnownFileType = folder.assetcatalog; path = Assets.xcassets; sourceTree = "<group>"; };
		043661821FB2315300B3A6BE /* Base */ = {isa = PBXFileReference; lastKnownFileType = file.storyboard; name = Base; path = Base.lproj/LaunchScreen.storyboard; sourceTree = "<group>"; };
		043661841FB2315300B3A6BE /* Info.plist */ = {isa = PBXFileReference; lastKnownFileType = text.plist.xml; path = Info.plist; sourceTree = "<group>"; };
		0436618A1FB2C4D800B3A6BE /* DayCell.swift */ = {isa = PBXFileReference; lastKnownFileType = sourcecode.swift; path = DayCell.swift; sourceTree = "<group>"; };
		0436618D1FB2C55D00B3A6BE /* Day.swift */ = {isa = PBXFileReference; lastKnownFileType = sourcecode.swift; path = Day.swift; sourceTree = "<group>"; };
		0436618F1FB36FDD00B3A6BE /* City.swift */ = {isa = PBXFileReference; lastKnownFileType = sourcecode.swift; path = City.swift; sourceTree = "<group>"; };
		043661911FB37FBF00B3A6BE /* DataSingleton.swift */ = {isa = PBXFileReference; lastKnownFileType = sourcecode.swift; path = DataSingleton.swift; sourceTree = "<group>"; };
		043661951FB3946500B3A6BE /* SearchCity.storyboard */ = {isa = PBXFileReference; lastKnownFileType = file.storyboard; path = SearchCity.storyboard; sourceTree = "<group>"; };
		043661971FB394F300B3A6BE /* SearchViewController.swift */ = {isa = PBXFileReference; lastKnownFileType = sourcecode.swift; path = SearchViewController.swift; sourceTree = "<group>"; };
		0436619B1FB3A9C900B3A6BE /* WeatherApi.swift */ = {isa = PBXFileReference; lastKnownFileType = sourcecode.swift; path = WeatherApi.swift; sourceTree = "<group>"; };
		0436619D1FB3AEDE00B3A6BE /* Weather.swift */ = {isa = PBXFileReference; lastKnownFileType = sourcecode.swift; path = Weather.swift; sourceTree = "<group>"; };
		0436619F1FB3B91F00B3A6BE /* ViewExtension.swift */ = {isa = PBXFileReference; lastKnownFileType = sourcecode.swift; path = ViewExtension.swift; sourceTree = "<group>"; };
		97C0406CE1B1A3F4E3C59A4A /* Pods_WeatherAppMCS.framework */ = {isa = PBXFileReference; explicitFileType = wrapper.framework; includeInIndex = 0; path = Pods_WeatherAppMCS.framework; sourceTree = BUILT_PRODUCTS_DIR; };
		9A2F7A95518AC8CE2BBF67A6 /* Pods-WeatherAppMCS.release.xcconfig */ = {isa = PBXFileReference; includeInIndex = 1; lastKnownFileType = text.xcconfig; name = "Pods-WeatherAppMCS.release.xcconfig"; path = "Pods/Target Support Files/Pods-WeatherAppMCS/Pods-WeatherAppMCS.release.xcconfig"; sourceTree = "<group>"; };
		BA88895063C07E28C20DBBEB /* Pods-WeatherAppMCS.debug.xcconfig */ = {isa = PBXFileReference; includeInIndex = 1; lastKnownFileType = text.xcconfig; name = "Pods-WeatherAppMCS.debug.xcconfig"; path = "Pods/Target Support Files/Pods-WeatherAppMCS/Pods-WeatherAppMCS.debug.xcconfig"; sourceTree = "<group>"; };
/* End PBXFileReference section */

/* Begin PBXFrameworksBuildPhase section */
		0436616F1FB2315200B3A6BE /* Frameworks */ = {
			isa = PBXFrameworksBuildPhase;
			buildActionMask = 2147483647;
			files = (
				D386A8CCBDD0FE90B04728E4 /* Pods_WeatherAppMCS.framework in Frameworks */,
			);
			runOnlyForDeploymentPostprocessing = 0;
		};
/* End PBXFrameworksBuildPhase section */

/* Begin PBXGroup section */
		043661691FB2315200B3A6BE = {
			isa = PBXGroup;
			children = (
				043661741FB2315200B3A6BE /* WeatherAppMCS */,
				043661731FB2315200B3A6BE /* Products */,
				662DEC2B11A88513F7823A39 /* Pods */,
				BFFF2FCD9BEA82DA3099BAE8 /* Frameworks */,
			);
			sourceTree = "<group>";
		};
		043661731FB2315200B3A6BE /* Products */ = {
			isa = PBXGroup;
			children = (
				043661721FB2315200B3A6BE /* WeatherAppMCS.app */,
			);
			name = Products;
			sourceTree = "<group>";
		};
		043661741FB2315200B3A6BE /* WeatherAppMCS */ = {
			isa = PBXGroup;
			children = (
				0436618C1FB2C54C00B3A6BE /* Model */,
				043661751FB2315300B3A6BE /* AppDelegate.swift */,
				043661771FB2315300B3A6BE /* ViewController.swift */,
				043661791FB2315300B3A6BE /* Main.storyboard */,
				0436617F1FB2315300B3A6BE /* Assets.xcassets */,
				043661811FB2315300B3A6BE /* LaunchScreen.storyboard */,
				043661841FB2315300B3A6BE /* Info.plist */,
				0436617C1FB2315300B3A6BE /* WeatherAppMCS.xcdatamodeld */,
				0436618A1FB2C4D800B3A6BE /* DayCell.swift */,
				043661951FB3946500B3A6BE /* SearchCity.storyboard */,
				043661971FB394F300B3A6BE /* SearchViewController.swift */,
				0436619F1FB3B91F00B3A6BE /* ViewExtension.swift */,
			);
			path = WeatherAppMCS;
			sourceTree = "<group>";
		};
		0436618C1FB2C54C00B3A6BE /* Model */ = {
			isa = PBXGroup;
			children = (
				0436618D1FB2C55D00B3A6BE /* Day.swift */,
				0436618F1FB36FDD00B3A6BE /* City.swift */,
				043661911FB37FBF00B3A6BE /* DataSingleton.swift */,
				0436619B1FB3A9C900B3A6BE /* WeatherApi.swift */,
				0436619D1FB3AEDE00B3A6BE /* Weather.swift */,
			);
			path = Model;
			sourceTree = "<group>";
		};
		662DEC2B11A88513F7823A39 /* Pods */ = {
			isa = PBXGroup;
			children = (
				BA88895063C07E28C20DBBEB /* Pods-WeatherAppMCS.debug.xcconfig */,
				9A2F7A95518AC8CE2BBF67A6 /* Pods-WeatherAppMCS.release.xcconfig */,
			);
			name = Pods;
			sourceTree = "<group>";
		};
		BFFF2FCD9BEA82DA3099BAE8 /* Frameworks */ = {
			isa = PBXGroup;
			children = (
				97C0406CE1B1A3F4E3C59A4A /* Pods_WeatherAppMCS.framework */,
			);
			name = Frameworks;
			sourceTree = "<group>";
		};
/* End PBXGroup section */

/* Begin PBXNativeTarget section */
		043661711FB2315200B3A6BE /* WeatherAppMCS */ = {
			isa = PBXNativeTarget;
			buildConfigurationList = 043661871FB2315300B3A6BE /* Build configuration list for PBXNativeTarget "WeatherAppMCS" */;
			buildPhases = (
				06D3FBE31CFE453340FB1B7F /* [CP] Check Pods Manifest.lock */,
				0436616E1FB2315200B3A6BE /* Sources */,
				0436616F1FB2315200B3A6BE /* Frameworks */,
				043661701FB2315200B3A6BE /* Resources */,
				62C762A9BD56F531C8F03F9C /* [CP] Embed Pods Frameworks */,
				B604ADC9C0B29C300C0B0F6B /* [CP] Copy Pods Resources */,
			);
			buildRules = (
			);
			dependencies = (
			);
			name = WeatherAppMCS;
			productName = WeatherAppMCS;
			productReference = 043661721FB2315200B3A6BE /* WeatherAppMCS.app */;
			productType = "com.apple.product-type.application";
		};
/* End PBXNativeTarget section */

/* Begin PBXProject section */
		0436616A1FB2315200B3A6BE /* Project object */ = {
			isa = PBXProject;
			attributes = {
				LastSwiftUpdateCheck = 0900;
				LastUpgradeCheck = 0900;
				ORGANIZATIONNAME = "Zach Chandler";
				TargetAttributes = {
					043661711FB2315200B3A6BE = {
						CreatedOnToolsVersion = 9.0.1;
						ProvisioningStyle = Automatic;
					};
				};
			};
			buildConfigurationList = 0436616D1FB2315200B3A6BE /* Build configuration list for PBXProject "WeatherAppMCS" */;
			compatibilityVersion = "Xcode 8.0";
			developmentRegion = en;
			hasScannedForEncodings = 0;
			knownRegions = (
				en,
				Base,
			);
			mainGroup = 043661691FB2315200B3A6BE;
			productRefGroup = 043661731FB2315200B3A6BE /* Products */;
			projectDirPath = "";
			projectRoot = "";
			targets = (
				043661711FB2315200B3A6BE /* WeatherAppMCS */,
			);
		};
/* End PBXProject section */

/* Begin PBXResourcesBuildPhase section */
		043661701FB2315200B3A6BE /* Resources */ = {
			isa = PBXResourcesBuildPhase;
			buildActionMask = 2147483647;
			files = (
				043661831FB2315300B3A6BE /* LaunchScreen.storyboard in Resources */,
				043661801FB2315300B3A6BE /* Assets.xcassets in Resources */,
				043661961FB3946500B3A6BE /* SearchCity.storyboard in Resources */,
				0436617B1FB2315300B3A6BE /* Main.storyboard in Resources */,
			);
			runOnlyForDeploymentPostprocessing = 0;
		};
/* End PBXResourcesBuildPhase section */

/* Begin PBXShellScriptBuildPhase section */
		06D3FBE31CFE453340FB1B7F /* [CP] Check Pods Manifest.lock */ = {
			isa = PBXShellScriptBuildPhase;
			buildActionMask = 2147483647;
			files = (
			);
			inputPaths = (
				"${PODS_PODFILE_DIR_PATH}/Podfile.lock",
				"${PODS_ROOT}/Manifest.lock",
			);
			name = "[CP] Check Pods Manifest.lock";
			outputPaths = (
				"$(DERIVED_FILE_DIR)/Pods-WeatherAppMCS-checkManifestLockResult.txt",
			);
			runOnlyForDeploymentPostprocessing = 0;
			shellPath = /bin/sh;
			shellScript = "diff \"${PODS_PODFILE_DIR_PATH}/Podfile.lock\" \"${PODS_ROOT}/Manifest.lock\" > /dev/null\nif [ $? != 0 ] ; then\n    # print error to STDERR\n    echo \"error: The sandbox is not in sync with the Podfile.lock. Run 'pod install' or update your CocoaPods installation.\" >&2\n    exit 1\nfi\n# This output is used by Xcode 'outputs' to avoid re-running this script phase.\necho \"SUCCESS\" > \"${SCRIPT_OUTPUT_FILE_0}\"\n";
			showEnvVarsInLog = 0;
		};
		62C762A9BD56F531C8F03F9C /* [CP] Embed Pods Frameworks */ = {
			isa = PBXShellScriptBuildPhase;
			buildActionMask = 2147483647;
			files = (
			);
			inputPaths = (
				"${SRCROOT}/Pods/Target Support Files/Pods-WeatherAppMCS/Pods-WeatherAppMCS-frameworks.sh",
				"${BUILT_PRODUCTS_DIR}/Alamofire/Alamofire.framework",
				"${BUILT_PRODUCTS_DIR}/Hero/Hero.framework",
				"${BUILT_PRODUCTS_DIR}/SwiftyJSON/SwiftyJSON.framework",
			);
			name = "[CP] Embed Pods Frameworks";
			outputPaths = (
				"${TARGET_BUILD_DIR}/${FRAMEWORKS_FOLDER_PATH}/Alamofire.framework",
				"${TARGET_BUILD_DIR}/${FRAMEWORKS_FOLDER_PATH}/Hero.framework",
				"${TARGET_BUILD_DIR}/${FRAMEWORKS_FOLDER_PATH}/SwiftyJSON.framework",
			);
			runOnlyForDeploymentPostprocessing = 0;
			shellPath = /bin/sh;
			shellScript = "\"${SRCROOT}/Pods/Target Support Files/Pods-WeatherAppMCS/Pods-WeatherAppMCS-frameworks.sh\"\n";
			showEnvVarsInLog = 0;
		};
		B604ADC9C0B29C300C0B0F6B /* [CP] Copy Pods Resources */ = {
			isa = PBXShellScriptBuildPhase;
			buildActionMask = 2147483647;
			files = (
			);
			inputPaths = (
				"${SRCROOT}/Pods/Target Support Files/Pods-WeatherAppMCS/Pods-WeatherAppMCS-resources.sh",
				"${PODS_ROOT}/GoogleMaps/Maps/Frameworks/GoogleMaps.framework/Resources/GoogleMaps.bundle",
				"${PODS_ROOT}/GooglePlaces/Frameworks/GooglePlaces.framework/Resources/GooglePlaces.bundle",
			);
			name = "[CP] Copy Pods Resources";
			outputPaths = (
				"${TARGET_BUILD_DIR}/${UNLOCALIZED_RESOURCES_FOLDER_PATH}",
			);
			runOnlyForDeploymentPostprocessing = 0;
			shellPath = /bin/sh;
			shellScript = "\"${SRCROOT}/Pods/Target Support Files/Pods-WeatherAppMCS/Pods-WeatherAppMCS-resources.sh\"\n";
			showEnvVarsInLog = 0;
		};
/* End PBXShellScriptBuildPhase section */

/* Begin PBXSourcesBuildPhase section */
		0436616E1FB2315200B3A6BE /* Sources */ = {
			isa = PBXSourcesBuildPhase;
			buildActionMask = 2147483647;
			files = (
				0436617E1FB2315300B3A6BE /* WeatherAppMCS.xcdatamodeld in Sources */,
				043661781FB2315300B3A6BE /* ViewController.swift in Sources */,
				043661981FB394F300B3A6BE /* SearchViewController.swift in Sources */,
				0436619E1FB3AEDE00B3A6BE /* Weather.swift in Sources */,
				043661901FB36FDD00B3A6BE /* City.swift in Sources */,
				0436618B1FB2C4D800B3A6BE /* DayCell.swift in Sources */,
				043661A01FB3B91F00B3A6BE /* ViewExtension.swift in Sources */,
				043661921FB37FBF00B3A6BE /* DataSingleton.swift in Sources */,
				0436619C1FB3A9C900B3A6BE /* WeatherApi.swift in Sources */,
				0436618E1FB2C55D00B3A6BE /* Day.swift in Sources */,
				043661761FB2315300B3A6BE /* AppDelegate.swift in Sources */,
			);
			runOnlyForDeploymentPostprocessing = 0;
		};
/* End PBXSourcesBuildPhase section */

/* Begin PBXVariantGroup section */
		043661791FB2315300B3A6BE /* Main.storyboard */ = {
			isa = PBXVariantGroup;
			children = (
				0436617A1FB2315300B3A6BE /* Base */,
			);
			name = Main.storyboard;
			sourceTree = "<group>";
		};
		043661811FB2315300B3A6BE /* LaunchScreen.storyboard */ = {
			isa = PBXVariantGroup;
			children = (
				043661821FB2315300B3A6BE /* Base */,
			);
			name = LaunchScreen.storyboard;
			sourceTree = "<group>";
		};
/* End PBXVariantGroup section */

/* Begin XCBuildConfiguration section */
		043661851FB2315300B3A6BE /* Debug */ = {
			isa = XCBuildConfiguration;
			buildSettings = {
				ALWAYS_SEARCH_USER_PATHS = NO;
				CLANG_ANALYZER_NONNULL = YES;
				CLANG_ANALYZER_NUMBER_OBJECT_CONVERSION = YES_AGGRESSIVE;
				CLANG_CXX_LANGUAGE_STANDARD = "gnu++14";
				CLANG_CXX_LIBRARY = "libc++";
				CLANG_ENABLE_MODULES = YES;
				CLANG_ENABLE_OBJC_ARC = YES;
				CLANG_WARN_BLOCK_CAPTURE_AUTORELEASING = YES;
				CLANG_WARN_BOOL_CONVERSION = YES;
				CLANG_WARN_COMMA = YES;
				CLANG_WARN_CONSTANT_CONVERSION = YES;
				CLANG_WARN_DIRECT_OBJC_ISA_USAGE = YES_ERROR;
				CLANG_WARN_DOCUMENTATION_COMMENTS = YES;
				CLANG_WARN_EMPTY_BODY = YES;
				CLANG_WARN_ENUM_CONVERSION = YES;
				CLANG_WARN_INFINITE_RECURSION = YES;
				CLANG_WARN_INT_CONVERSION = YES;
				CLANG_WARN_NON_LITERAL_NULL_CONVERSION = YES;
				CLANG_WARN_OBJC_LITERAL_CONVERSION = YES;
				CLANG_WARN_OBJC_ROOT_CLASS = YES_ERROR;
				CLANG_WARN_RANGE_LOOP_ANALYSIS = YES;
				CLANG_WARN_STRICT_PROTOTYPES = YES;
				CLANG_WARN_SUSPICIOUS_MOVE = YES;
				CLANG_WARN_UNGUARDED_AVAILABILITY = YES_AGGRESSIVE;
				CLANG_WARN_UNREACHABLE_CODE = YES;
				CLANG_WARN__DUPLICATE_METHOD_MATCH = YES;
				CODE_SIGN_IDENTITY = "iPhone Developer";
				COPY_PHASE_STRIP = NO;
				DEBUG_INFORMATION_FORMAT = dwarf;
				ENABLE_STRICT_OBJC_MSGSEND = YES;
				ENABLE_TESTABILITY = YES;
				GCC_C_LANGUAGE_STANDARD = gnu11;
				GCC_DYNAMIC_NO_PIC = NO;
				GCC_NO_COMMON_BLOCKS = YES;
				GCC_OPTIMIZATION_LEVEL = 0;
				GCC_PREPROCESSOR_DEFINITIONS = (
					"DEBUG=1",
					"$(inherited)",
				);
				GCC_WARN_64_TO_32_BIT_CONVERSION = YES;
				GCC_WARN_ABOUT_RETURN_TYPE = YES_ERROR;
				GCC_WARN_UNDECLARED_SELECTOR = YES;
				GCC_WARN_UNINITIALIZED_AUTOS = YES_AGGRESSIVE;
				GCC_WARN_UNUSED_FUNCTION = YES;
				GCC_WARN_UNUSED_VARIABLE = YES;
				IPHONEOS_DEPLOYMENT_TARGET = 11.0;
				MTL_ENABLE_DEBUG_INFO = YES;
				ONLY_ACTIVE_ARCH = YES;
				SDKROOT = iphoneos;
				SWIFT_ACTIVE_COMPILATION_CONDITIONS = DEBUG;
				SWIFT_OPTIMIZATION_LEVEL = "-Onone";
			};
			name = Debug;
		};
		043661861FB2315300B3A6BE /* Release */ = {
			isa = XCBuildConfiguration;
			buildSettings = {
				ALWAYS_SEARCH_USER_PATHS = NO;
				CLANG_ANALYZER_NONNULL = YES;
				CLANG_ANALYZER_NUMBER_OBJECT_CONVERSION = YES_AGGRESSIVE;
				CLANG_CXX_LANGUAGE_STANDARD = "gnu++14";
				CLANG_CXX_LIBRARY = "libc++";
				CLANG_ENABLE_MODULES = YES;
				CLANG_ENABLE_OBJC_ARC = YES;
				CLANG_WARN_BLOCK_CAPTURE_AUTORELEASING = YES;
				CLANG_WARN_BOOL_CONVERSION = YES;
				CLANG_WARN_COMMA = YES;
				CLANG_WARN_CONSTANT_CONVERSION = YES;
				CLANG_WARN_DIRECT_OBJC_ISA_USAGE = YES_ERROR;
				CLANG_WARN_DOCUMENTATION_COMMENTS = YES;
				CLANG_WARN_EMPTY_BODY = YES;
				CLANG_WARN_ENUM_CONVERSION = YES;
				CLANG_WARN_INFINITE_RECURSION = YES;
				CLANG_WARN_INT_CONVERSION = YES;
				CLANG_WARN_NON_LITERAL_NULL_CONVERSION = YES;
				CLANG_WARN_OBJC_LITERAL_CONVERSION = YES;
				CLANG_WARN_OBJC_ROOT_CLASS = YES_ERROR;
				CLANG_WARN_RANGE_LOOP_ANALYSIS = YES;
				CLANG_WARN_STRICT_PROTOTYPES = YES;
				CLANG_WARN_SUSPICIOUS_MOVE = YES;
				CLANG_WARN_UNGUARDED_AVAILABILITY = YES_AGGRESSIVE;
				CLANG_WARN_UNREACHABLE_CODE = YES;
				CLANG_WARN__DUPLICATE_METHOD_MATCH = YES;
				CODE_SIGN_IDENTITY = "iPhone Developer";
				COPY_PHASE_STRIP = NO;
				DEBUG_INFORMATION_FORMAT = "dwarf-with-dsym";
				ENABLE_NS_ASSERTIONS = NO;
				ENABLE_STRICT_OBJC_MSGSEND = YES;
				GCC_C_LANGUAGE_STANDARD = gnu11;
				GCC_NO_COMMON_BLOCKS = YES;
				GCC_WARN_64_TO_32_BIT_CONVERSION = YES;
				GCC_WARN_ABOUT_RETURN_TYPE = YES_ERROR;
				GCC_WARN_UNDECLARED_SELECTOR = YES;
				GCC_WARN_UNINITIALIZED_AUTOS = YES_AGGRESSIVE;
				GCC_WARN_UNUSED_FUNCTION = YES;
				GCC_WARN_UNUSED_VARIABLE = YES;
				IPHONEOS_DEPLOYMENT_TARGET = 11.0;
				MTL_ENABLE_DEBUG_INFO = NO;
				SDKROOT = iphoneos;
				SWIFT_OPTIMIZATION_LEVEL = "-Owholemodule";
				VALIDATE_PRODUCT = YES;
			};
			name = Release;
		};
		043661881FB2315300B3A6BE /* Debug */ = {
			isa = XCBuildConfiguration;
			baseConfigurationReference = BA88895063C07E28C20DBBEB /* Pods-WeatherAppMCS.debug.xcconfig */;
			buildSettings = {
				ASSETCATALOG_COMPILER_APPICON_NAME = AppIcon;
				CODE_SIGN_STYLE = Automatic;
				DEVELOPMENT_TEAM = 95Y79EVN3Z;
				INFOPLIST_FILE = WeatherAppMCS/Info.plist;
				LD_RUNPATH_SEARCH_PATHS = "$(inherited) @executable_path/Frameworks";
				PRODUCT_BUNDLE_IDENTIFIER = MCS.WeatherAppMCS;
				PRODUCT_NAME = "$(TARGET_NAME)";
				SWIFT_VERSION = 4.0;
				TARGETED_DEVICE_FAMILY = "1,2";
			};
			name = Debug;
		};
		043661891FB2315300B3A6BE /* Release */ = {
			isa = XCBuildConfiguration;
			baseConfigurationReference = 9A2F7A95518AC8CE2BBF67A6 /* Pods-WeatherAppMCS.release.xcconfig */;
			buildSettings = {
				ASSETCATALOG_COMPILER_APPICON_NAME = AppIcon;
				CODE_SIGN_STYLE = Automatic;
				DEVELOPMENT_TEAM = 95Y79EVN3Z;
				INFOPLIST_FILE = WeatherAppMCS/Info.plist;
				LD_RUNPATH_SEARCH_PATHS = "$(inherited) @executable_path/Frameworks";
				PRODUCT_BUNDLE_IDENTIFIER = MCS.WeatherAppMCS;
				PRODUCT_NAME = "$(TARGET_NAME)";
				SWIFT_VERSION = 4.0;
				TARGETED_DEVICE_FAMILY = "1,2";
			};
			name = Release;
		};
/* End XCBuildConfiguration section */

/* Begin XCConfigurationList section */
		0436616D1FB2315200B3A6BE /* Build configuration list for PBXProject "WeatherAppMCS" */ = {
			isa = XCConfigurationList;
			buildConfigurations = (
				043661851FB2315300B3A6BE /* Debug */,
				043661861FB2315300B3A6BE /* Release */,
			);
			defaultConfigurationIsVisible = 0;
			defaultConfigurationName = Release;
		};
		043661871FB2315300B3A6BE /* Build configuration list for PBXNativeTarget "WeatherAppMCS" */ = {
			isa = XCConfigurationList;
			buildConfigurations = (
				043661881FB2315300B3A6BE /* Debug */,
				043661891FB2315300B3A6BE /* Release */,
			);
			defaultConfigurationIsVisible = 0;
			defaultConfigurationName = Release;
		};
/* End XCConfigurationList section */

/* Begin XCVersionGroup section */
		0436617C1FB2315300B3A6BE /* WeatherAppMCS.xcdatamodeld */ = {
			isa = XCVersionGroup;
			children = (
				0436617D1FB2315300B3A6BE /* WeatherAppMCS.xcdatamodel */,
			);
			currentVersion = 0436617D1FB2315300B3A6BE /* WeatherAppMCS.xcdatamodel */;
			path = WeatherAppMCS.xcdatamodeld;
			sourceTree = "<group>";
			versionGroupType = wrapper.xcdatamodel;
		};
/* End XCVersionGroup section */
	};
	rootObject = 0436616A1FB2315200B3A6BE /* Project object */;
}
